Microsoft Visual Studio Solution File, Format Version 12.00
# Visual Studio Version 17
VisualStudioVersion = 17.5.2.0
MinimumVisualStudioVersion = 10.0.40219.1
Project("{2150E333-8FDC-42A3-9474-1A3956D46DE8}") = "Backend", "Backend", "{B670D836-3F3F-1B65-310F-B37E3F845B14}"
EndProject
Global
	GlobalSection(SolutionConfigurationPlatforms) = preSolution
		Debug|Any CPU = Debug|Any CPU
		Release|Any CPU = Release|Any CPU
	EndGlobalSection
	GlobalSection(ProjectConfigurationPlatforms) = postSolution
		{0D7A68FE-51B9-2ECC-955A-5D923266FDFF}.Debug|Any CPU.ActiveCfg = Debug|Any CPU
		{0D7A68FE-51B9-2ECC-955A-5D923266FDFF}.Debug|Any CPU.Build.0 = Debug|Any CPU
		{0D7A68FE-51B9-2ECC-955A-5D923266FDFF}.Release|Any CPU.ActiveCfg = Release|Any CPU
		{0D7A68FE-51B9-2ECC-955A-5D923266FDFF}.Release|Any CPU.Build.0 = Release|Any CPU
	EndGlobalSection
	GlobalSection(SolutionProperties) = preSolution
		HideSolutionNode = FALSE
	EndGlobalSection
	GlobalSection(NestedProjects) = preSolution
		{0D7A68FE-51B9-2ECC-955A-5D923266FDFF} = {B670D836-3F3F-1B65-310F-B37E3F845B14}
	EndGlobalSection
	GlobalSection(ExtensibilityGlobals) = postSolution
		SolutionGuid = {E6F03DD7-B99B-4971-9336-7A14679BD10C}
	EndGlobalSection
EndGlobal
